
Microsoft Visual Studio Solution File, Format Version 12.00
# Visual Studio Version 17
VisualStudioVersion = 17.14.37012.4 d17.14
MinimumVisualStudioVersion = 10.0.40219.1
Project("{FAE04EC0-301F-11D3-BF4B-00C04F79EFBC}") = "N3", "N3.csproj", "{0CD58A26-EFEE-4E81-8558-5AC8159F13F1}"
EndProject
Global
	GlobalSection(SolutionConfigurationPlatforms) = preSolution
		Debug|Any CPU = Debug|Any CPU
		Release|Any CPU = Release|Any CPU
	EndGlobalSection
	GlobalSection(ProjectConfigurationPlatforms) = postSolution
		{0CD58A26-EFEE-4E81-8558-5AC8159F13F1}.Debug|Any CPU.ActiveCfg = Debug|Any CPU
		{0CD58A26-EFEE-4E81-8558-5AC8159F13F1}.Debug|Any CPU.Build.0 = Debug|Any CPU
		{0CD58A26-EFEE-4E81-8558-5AC8159F13F1}.Release|Any CPU.ActiveCfg = Release|Any CPU
		{0CD58A26-EFEE-4E81-8558-5AC8159F13F1}.Release|Any CPU.Build.0 = Release|Any CPU
	EndGlobalSection
	GlobalSection(SolutionProperties) = preSolution
		HideSolutionNode = FALSE
	EndGlobalSection
	GlobalSection(ExtensibilityGlobals) = postSolution
		SolutionGuid = {7A26C93C-83A2-46A4-9E13-DE87A72CF1F3}
	EndGlobalSection
EndGlobal
