
Microsoft Visual Studio Solution File, Format Version 12.00
# Visual Studio Version 17
VisualStudioVersion = 17.14.37012.4 d17.14
MinimumVisualStudioVersion = 10.0.40219.1
Project("{FAE04EC0-301F-11D3-BF4B-00C04F79EFBC}") = "N7 method and class", "N7 method and class.csproj", "{712BD6AA-B308-4683-B428-3366A1CE4AFA}"
EndProject
Global
	GlobalSection(SolutionConfigurationPlatforms) = preSolution
		Debug|Any CPU = Debug|Any CPU
		Release|Any CPU = Release|Any CPU
	EndGlobalSection
	GlobalSection(ProjectConfigurationPlatforms) = postSolution
		{712BD6AA-B308-4683-B428-3366A1CE4AFA}.Debug|Any CPU.ActiveCfg = Debug|Any CPU
		{712BD6AA-B308-4683-B428-3366A1CE4AFA}.Debug|Any CPU.Build.0 = Debug|Any CPU
		{712BD6AA-B308-4683-B428-3366A1CE4AFA}.Release|Any CPU.ActiveCfg = Release|Any CPU
		{712BD6AA-B308-4683-B428-3366A1CE4AFA}.Release|Any CPU.Build.0 = Release|Any CPU
	EndGlobalSection
	GlobalSection(SolutionProperties) = preSolution
		HideSolutionNode = FALSE
	EndGlobalSection
	GlobalSection(ExtensibilityGlobals) = postSolution
		SolutionGuid = {F19F84D9-BAE3-4924-9A9C-FA5DFEC91B51}
	EndGlobalSection
EndGlobal
