
Microsoft Visual Studio Solution File, Format Version 12.00
# Visual Studio Version 17
VisualStudioVersion = 17.14.37012.4 d17.14
MinimumVisualStudioVersion = 10.0.40219.1
Project("{FAE04EC0-301F-11D3-BF4B-00C04F79EFBC}") = "leqcia 5 arrayes", "leqcia 5 arrayes.csproj", "{FA7EB352-D2E7-4104-ADC4-D54550BD2FC2}"
EndProject
Global
	GlobalSection(SolutionConfigurationPlatforms) = preSolution
		Debug|Any CPU = Debug|Any CPU
		Release|Any CPU = Release|Any CPU
	EndGlobalSection
	GlobalSection(ProjectConfigurationPlatforms) = postSolution
		{FA7EB352-D2E7-4104-ADC4-D54550BD2FC2}.Debug|Any CPU.ActiveCfg = Debug|Any CPU
		{FA7EB352-D2E7-4104-ADC4-D54550BD2FC2}.Debug|Any CPU.Build.0 = Debug|Any CPU
		{FA7EB352-D2E7-4104-ADC4-D54550BD2FC2}.Release|Any CPU.ActiveCfg = Release|Any CPU
		{FA7EB352-D2E7-4104-ADC4-D54550BD2FC2}.Release|Any CPU.Build.0 = Release|Any CPU
	EndGlobalSection
	GlobalSection(SolutionProperties) = preSolution
		HideSolutionNode = FALSE
	EndGlobalSection
	GlobalSection(ExtensibilityGlobals) = postSolution
		SolutionGuid = {5CDEC0C0-FA84-4B11-90A3-8ED2700D9AA0}
	EndGlobalSection
EndGlobal
